// !$*UTF8*$!
{
	archiveVersion = 1;
	classes = {
	};
	objectVersion = 51;
	objects = {

/* Begin PBXBuildFile section */
		1908B7F8247F0C8E00E37069 /* StatsView.storyboard in Resources */ = {isa = PBXBuildFile; fileRef = 1908B7F7247F0C8E00E37069 /* StatsView.storyboard */; };
		1908B7FA247F329600E37069 /* TimeExtensions.swift in Sources */ = {isa = PBXBuildFile; fileRef = 1908B7F9247F329600E37069 /* TimeExtensions.swift */; };
		1908B7FE248078A000E37069 /* KeychainItem.swift in Sources */ = {isa = PBXBuildFile; fileRef = 1908B7FD2480789F00E37069 /* KeychainItem.swift */; };
		1908B8012480CA8600E37069 /* loading2.gif in Resources */ = {isa = PBXBuildFile; fileRef = 1908B8002480CA8500E37069 /* loading2.gif */; };
		1908B8032480CBE700E37069 /* loading.gif in Resources */ = {isa = PBXBuildFile; fileRef = 1908B8022480CBE600E37069 /* loading.gif */; };
		1908B8052480CEBD00E37069 /* loading.gif in Resources */ = {isa = PBXBuildFile; fileRef = 1908B8042480CEBD00E37069 /* loading.gif */; };
		1908B8072480D42600E37069 /* loading.gif in Resources */ = {isa = PBXBuildFile; fileRef = 1908B8062480D42600E37069 /* loading.gif */; };
		1908B8092480D4DA00E37069 /* spinner.gif in Resources */ = {isa = PBXBuildFile; fileRef = 1908B8082480D4DA00E37069 /* spinner.gif */; };
		190A41EF245E1206009A9C79 /* AppDelegate.swift in Sources */ = {isa = PBXBuildFile; fileRef = 190A41EE245E1206009A9C79 /* AppDelegate.swift */; };
		190A41F1245E1206009A9C79 /* SceneDelegate.swift in Sources */ = {isa = PBXBuildFile; fileRef = 190A41F0245E1206009A9C79 /* SceneDelegate.swift */; };
		190A41F3245E1206009A9C79 /* ViewController.swift in Sources */ = {isa = PBXBuildFile; fileRef = 190A41F2245E1206009A9C79 /* ViewController.swift */; };
		190A41F6245E1206009A9C79 /* Main.storyboard in Resources */ = {isa = PBXBuildFile; fileRef = 190A41F4245E1206009A9C79 /* Main.storyboard */; };
		190A41F8245E121B009A9C79 /* Assets.xcassets in Resources */ = {isa = PBXBuildFile; fileRef = 190A41F7245E121B009A9C79 /* Assets.xcassets */; };
		190A41FB245E121B009A9C79 /* LaunchScreen.storyboard in Resources */ = {isa = PBXBuildFile; fileRef = 190A41F9245E121B009A9C79 /* LaunchScreen.storyboard */; };
		190A42252464F865009A9C79 /* ProfileViewController.swift in Sources */ = {isa = PBXBuildFile; fileRef = 190A42242464F865009A9C79 /* ProfileViewController.swift */; };
		190A42272464FBBD009A9C79 /* AwardsViewController.swift in Sources */ = {isa = PBXBuildFile; fileRef = 190A42262464FBBD009A9C79 /* AwardsViewController.swift */; };
		190A42292464FCF5009A9C79 /* StatsViewController.swift in Sources */ = {isa = PBXBuildFile; fileRef = 190A42282464FCF5009A9C79 /* StatsViewController.swift */; };
		191399DB246643FD0081F99F /* TabViewController.swift in Sources */ = {isa = PBXBuildFile; fileRef = 191399DA246643FD0081F99F /* TabViewController.swift */; };
		19167AB9247A23A7002F33EE /* 1024.png in Resources */ = {isa = PBXBuildFile; fileRef = 19167AB8247A23A7002F33EE /* 1024.png */; };
		19193995246A3478008FE2AE /* confetti.png in Resources */ = {isa = PBXBuildFile; fileRef = 19193994246A3468008FE2AE /* confetti.png */; };
		19193997246B3FFE008FE2AE /* DateExtensions.swift in Sources */ = {isa = PBXBuildFile; fileRef = 19193996246B3FFE008FE2AE /* DateExtensions.swift */; };
		1919399C246C7992008FE2AE /* PushupCounter.storyboard in Resources */ = {isa = PBXBuildFile; fileRef = 1919399B246C7991008FE2AE /* PushupCounter.storyboard */; };
		191939A0246CDAFF008FE2AE /* 149-1491934_fitness-test-women-working-out-black-and-white.png in Resources */ = {isa = PBXBuildFile; fileRef = 1919399F246CDAFE008FE2AE /* 149-1491934_fitness-test-women-working-out-black-and-white.png */; };
		191939A3246E1B91008FE2AE /* Challenges.storyboard in Resources */ = {isa = PBXBuildFile; fileRef = 191939A1246E1B90008FE2AE /* Challenges.storyboard */; };
		191939A5246E1EE7008FE2AE /* 88-886971_clip-art-push-up-silhouette-black-women-working.png in Resources */ = {isa = PBXBuildFile; fileRef = 191939A4246E1EE7008FE2AE /* 88-886971_clip-art-push-up-silhouette-black-women-working.png */; };
		191939A7246E21E9008FE2AE /* Stats.storyboard in Resources */ = {isa = PBXBuildFile; fileRef = 191939A6246E21E8008FE2AE /* Stats.storyboard */; };
		191939AA246F07DB008FE2AE /* 338F904C-67B0-4C56-B501-2929B97B2FA5.PNG in Resources */ = {isa = PBXBuildFile; fileRef = 191939A8246F07D9008FE2AE /* 338F904C-67B0-4C56-B501-2929B97B2FA5.PNG */; };
		191939AB246F07DB008FE2AE /* A5993A27-2482-42F9-B2D4-BB2812D6BF25.PNG in Resources */ = {isa = PBXBuildFile; fileRef = 191939A9246F07DA008FE2AE /* A5993A27-2482-42F9-B2D4-BB2812D6BF25.PNG */; };
		191939AD246F46A9008FE2AE /* UIImageExtension.swift in Sources */ = {isa = PBXBuildFile; fileRef = 191939AC246F46A9008FE2AE /* UIImageExtension.swift */; };
		191939B8246F54D4008FE2AE /* magenta.gif in Resources */ = {isa = PBXBuildFile; fileRef = 191939B7246F54D1008FE2AE /* magenta.gif */; };
		196C5BB2247C5ADC0031A182 /* CustomUIButtom.swift in Sources */ = {isa = PBXBuildFile; fileRef = 196C5BB1247C5ADC0031A182 /* CustomUIButtom.swift */; };
		196C5BB4247C6CBC0031A182 /* CustomProgessBar.swift in Sources */ = {isa = PBXBuildFile; fileRef = 196C5BB3247C6CBC0031A182 /* CustomProgessBar.swift */; };
		196C5BB8247DD4620031A182 /* pushupDemo.gif in Resources */ = {isa = PBXBuildFile; fileRef = 196C5BB7247DD45F0031A182 /* pushupDemo.gif */; };
		196C5BBA247DD8290031A182 /* swirl.gif in Resources */ = {isa = PBXBuildFile; fileRef = 196C5BB9247DD8290031A182 /* swirl.gif */; };
		197043662478868500305AAE /* GoogleService-Info.plist in Resources */ = {isa = PBXBuildFile; fileRef = 197043652478868500305AAE /* GoogleService-Info.plist */; };
		19D20C79246624D4004D9E92 /* LoginViewController.swift in Sources */ = {isa = PBXBuildFile; fileRef = 19D20C78246624D3004D9E92 /* LoginViewController.swift */; };
		70D9043A6A67DFA5DF20BEBB /* Pods_pushupsquad1.framework in Frameworks */ = {isa = PBXBuildFile; fileRef = E19D585189376389ECAB6447 /* Pods_pushupsquad1.framework */; };
/* End PBXBuildFile section */

/* Begin PBXFileReference section */
		1908B7F7247F0C8E00E37069 /* StatsView.storyboard */ = {isa = PBXFileReference; fileEncoding = 4; lastKnownFileType = file.storyboard; path = StatsView.storyboard; sourceTree = "<group>"; };
		1908B7F9247F329600E37069 /* TimeExtensions.swift */ = {isa = PBXFileReference; lastKnownFileType = sourcecode.swift; path = TimeExtensions.swift; sourceTree = "<group>"; };
		1908B7FD2480789F00E37069 /* KeychainItem.swift */ = {isa = PBXFileReference; fileEncoding = 4; lastKnownFileType = sourcecode.swift; path = KeychainItem.swift; sourceTree = "<group>"; };
		1908B7FF24808C0900E37069 /* Pushup Party.entitlements */ = {isa = PBXFileReference; lastKnownFileType = text.plist.entitlements; path = "Pushup Party.entitlements"; sourceTree = "<group>"; };
		1908B8002480CA8500E37069 /* loading2.gif */ = {isa = PBXFileReference; lastKnownFileType = image.gif; name = loading2.gif; path = ../../loading2.gif; sourceTree = "<group>"; };
		1908B8022480CBE600E37069 /* loading.gif */ = {isa = PBXFileReference; lastKnownFileType = image.gif; name = loading.gif; path = ../../loading.gif; sourceTree = "<group>"; };
		1908B8042480CEBD00E37069 /* loading.gif */ = {isa = PBXFileReference; lastKnownFileType = image.gif; name = loading.gif; path = ../../loading.gif; sourceTree = "<group>"; };
		1908B8062480D42600E37069 /* loading.gif */ = {isa = PBXFileReference; lastKnownFileType = image.gif; name = loading.gif; path = ../../loading.gif; sourceTree = "<group>"; };
		1908B8082480D4DA00E37069 /* spinner.gif */ = {isa = PBXFileReference; lastKnownFileType = image.gif; name = spinner.gif; path = ../../spinner.gif; sourceTree = "<group>"; };
		190A41EB245E1206009A9C79 /* Pushup Party.app */ = {isa = PBXFileReference; explicitFileType = wrapper.application; includeInIndex = 0; path = "Pushup Party.app"; sourceTree = BUILT_PRODUCTS_DIR; };
		190A41EE245E1206009A9C79 /* AppDelegate.swift */ = {isa = PBXFileReference; lastKnownFileType = sourcecode.swift; path = AppDelegate.swift; sourceTree = "<group>"; };
		190A41F0245E1206009A9C79 /* SceneDelegate.swift */ = {isa = PBXFileReference; lastKnownFileType = sourcecode.swift; path = SceneDelegate.swift; sourceTree = "<group>"; };
		190A41F2245E1206009A9C79 /* ViewController.swift */ = {isa = PBXFileReference; lastKnownFileType = sourcecode.swift; path = ViewController.swift; sourceTree = "<group>"; };
		190A41F5245E1206009A9C79 /* Base */ = {isa = PBXFileReference; lastKnownFileType = file.storyboard; name = Base; path = Base.lproj/Main.storyboard; sourceTree = "<group>"; };
		190A41F7245E121B009A9C79 /* Assets.xcassets */ = {isa = PBXFileReference; lastKnownFileType = folder.assetcatalog; path = Assets.xcassets; sourceTree = "<group>"; };
		190A41FA245E121B009A9C79 /* Base */ = {isa = PBXFileReference; lastKnownFileType = file.storyboard; name = Base; path = Base.lproj/LaunchScreen.storyboard; sourceTree = "<group>"; };
		190A41FC245E121B009A9C79 /* Info.plist */ = {isa = PBXFileReference; lastKnownFileType = text.plist.xml; path = Info.plist; sourceTree = "<group>"; };
		190A42242464F865009A9C79 /* ProfileViewController.swift */ = {isa = PBXFileReference; lastKnownFileType = sourcecode.swift; path = ProfileViewController.swift; sourceTree = "<group>"; };
		190A42262464FBBD009A9C79 /* AwardsViewController.swift */ = {isa = PBXFileReference; lastKnownFileType = sourcecode.swift; path = AwardsViewController.swift; sourceTree = "<group>"; };
		190A42282464FCF5009A9C79 /* StatsViewController.swift */ = {isa = PBXFileReference; lastKnownFileType = sourcecode.swift; path = StatsViewController.swift; sourceTree = "<group>"; };
		191399DA246643FD0081F99F /* TabViewController.swift */ = {isa = PBXFileReference; lastKnownFileType = sourcecode.swift; path = TabViewController.swift; sourceTree = "<group>"; };
		19167AB8247A23A7002F33EE /* 1024.png */ = {isa = PBXFileReference; lastKnownFileType = image.png; name = 1024.png; path = ../../AppIcons/Assets.xcassets/AppIcon.appiconset/1024.png; sourceTree = "<group>"; };
		19193994246A3468008FE2AE /* confetti.png */ = {isa = PBXFileReference; lastKnownFileType = image.png; name = confetti.png; path = ../../confetti.png; sourceTree = "<group>"; };
		19193996246B3FFE008FE2AE /* DateExtensions.swift */ = {isa = PBXFileReference; lastKnownFileType = sourcecode.swift; path = DateExtensions.swift; sourceTree = "<group>"; };
		1919399B246C7991008FE2AE /* PushupCounter.storyboard */ = {isa = PBXFileReference; fileEncoding = 4; lastKnownFileType = file.storyboard; path = PushupCounter.storyboard; sourceTree = "<group>"; };
		1919399F246CDAFE008FE2AE /* 149-1491934_fitness-test-women-working-out-black-and-white.png */ = {isa = PBXFileReference; lastKnownFileType = image.png; name = "149-1491934_fitness-test-women-working-out-black-and-white.png"; path = "../../149-1491934_fitness-test-women-working-out-black-and-white.png"; sourceTree = "<group>"; };
		191939A2246E1B90008FE2AE /* Base */ = {isa = PBXFileReference; lastKnownFileType = file.storyboard; name = Base; path = Base.lproj/Challenges.storyboard; sourceTree = "<group>"; };
		191939A4246E1EE7008FE2AE /* 88-886971_clip-art-push-up-silhouette-black-women-working.png */ = {isa = PBXFileReference; lastKnownFileType = image.png; name = "88-886971_clip-art-push-up-silhouette-black-women-working.png"; path = "../../88-886971_clip-art-push-up-silhouette-black-women-working.png"; sourceTree = "<group>"; };
		191939A6246E21E8008FE2AE /* Stats.storyboard */ = {isa = PBXFileReference; fileEncoding = 4; lastKnownFileType = file.storyboard; name = Stats.storyboard; path = pushupsquad1/Storyboards/Stats.storyboard; sourceTree = SOURCE_ROOT; };
		191939A8246F07D9008FE2AE /* 338F904C-67B0-4C56-B501-2929B97B2FA5.PNG */ = {isa = PBXFileReference; lastKnownFileType = image.png; name = "338F904C-67B0-4C56-B501-2929B97B2FA5.PNG"; path = "../../338F904C-67B0-4C56-B501-2929B97B2FA5.PNG"; sourceTree = "<group>"; };
		191939A9246F07DA008FE2AE /* A5993A27-2482-42F9-B2D4-BB2812D6BF25.PNG */ = {isa = PBXFileReference; lastKnownFileType = image.png; name = "A5993A27-2482-42F9-B2D4-BB2812D6BF25.PNG"; path = "../../A5993A27-2482-42F9-B2D4-BB2812D6BF25.PNG"; sourceTree = "<group>"; };
		191939AC246F46A9008FE2AE /* UIImageExtension.swift */ = {isa = PBXFileReference; lastKnownFileType = sourcecode.swift; path = UIImageExtension.swift; sourceTree = "<group>"; };
		191939B7246F54D1008FE2AE /* magenta.gif */ = {isa = PBXFileReference; lastKnownFileType = image.gif; name = magenta.gif; path = ../../magenta.gif; sourceTree = "<group>"; };
		196C5BB1247C5ADC0031A182 /* CustomUIButtom.swift */ = {isa = PBXFileReference; lastKnownFileType = sourcecode.swift; path = CustomUIButtom.swift; sourceTree = "<group>"; };
		196C5BB3247C6CBC0031A182 /* CustomProgessBar.swift */ = {isa = PBXFileReference; lastKnownFileType = sourcecode.swift; path = CustomProgessBar.swift; sourceTree = "<group>"; };
		196C5BB7247DD45F0031A182 /* pushupDemo.gif */ = {isa = PBXFileReference; lastKnownFileType = image.gif; name = pushupDemo.gif; path = ../../pushupDemo.gif; sourceTree = "<group>"; };
		196C5BB9247DD8290031A182 /* swirl.gif */ = {isa = PBXFileReference; lastKnownFileType = image.gif; name = swirl.gif; path = ../../swirl.gif; sourceTree = "<group>"; };
		197043652478868500305AAE /* GoogleService-Info.plist */ = {isa = PBXFileReference; fileEncoding = 4; lastKnownFileType = text.plist.xml; name = "GoogleService-Info.plist"; path = "../../GoogleService-Info.plist"; sourceTree = "<group>"; };
		19D20C78246624D3004D9E92 /* LoginViewController.swift */ = {isa = PBXFileReference; lastKnownFileType = sourcecode.swift; path = LoginViewController.swift; sourceTree = "<group>"; };
		84F202D01D8A4961C28A0F7D /* Pods-pushupsquad1.release.xcconfig */ = {isa = PBXFileReference; includeInIndex = 1; lastKnownFileType = text.xcconfig; name = "Pods-pushupsquad1.release.xcconfig"; path = "Target Support Files/Pods-pushupsquad1/Pods-pushupsquad1.release.xcconfig"; sourceTree = "<group>"; };
		DA2F69B79F2003D5593E36A7 /* Pods-pushupsquad1.debug.xcconfig */ = {isa = PBXFileReference; includeInIndex = 1; lastKnownFileType = text.xcconfig; name = "Pods-pushupsquad1.debug.xcconfig"; path = "Target Support Files/Pods-pushupsquad1/Pods-pushupsquad1.debug.xcconfig"; sourceTree = "<group>"; };
		E19D585189376389ECAB6447 /* Pods_pushupsquad1.framework */ = {isa = PBXFileReference; explicitFileType = wrapper.framework; includeInIndex = 0; path = Pods_pushupsquad1.framework; sourceTree = BUILT_PRODUCTS_DIR; };
/* End PBXFileReference section */

/* Begin PBXFrameworksBuildPhase section */
		190A41E8245E1206009A9C79 /* Frameworks */ = {
			isa = PBXFrameworksBuildPhase;
			buildActionMask = 2147483647;
			files = (
				70D9043A6A67DFA5DF20BEBB /* Pods_pushupsquad1.framework in Frameworks */,
			);
			runOnlyForDeploymentPostprocessing = 0;
		};
/* End PBXFrameworksBuildPhase section */

/* Begin PBXGroup section */
		1379977F12264BEE11E208DB /* Pods */ = {
			isa = PBXGroup;
			children = (
				DA2F69B79F2003D5593E36A7 /* Pods-pushupsquad1.debug.xcconfig */,
				84F202D01D8A4961C28A0F7D /* Pods-pushupsquad1.release.xcconfig */,
			);
			path = Pods;
			sourceTree = "<group>";
		};
		190A41E2245E1205009A9C79 = {
			isa = PBXGroup;
			children = (
				190A41ED245E1206009A9C79 /* pushupsquad1 */,
				190A41EC245E1206009A9C79 /* Products */,
				1379977F12264BEE11E208DB /* Pods */,
				7B1C726A80CF0296BD9D36AA /* Frameworks */,
			);
			sourceTree = "<group>";
		};
		190A41EC245E1206009A9C79 /* Products */ = {
			isa = PBXGroup;
			children = (
				190A41EB245E1206009A9C79 /* Pushup Party.app */,
			);
			name = Products;
			sourceTree = "<group>";
		};
		190A41ED245E1206009A9C79 /* pushupsquad1 */ = {
			isa = PBXGroup;
			children = (
				1908B7FF24808C0900E37069 /* Pushup Party.entitlements */,
				196C5BAE247C3A180031A182 /* Custom Classes */,
				190A42242464F865009A9C79 /* ProfileViewController.swift */,
				191939B1246F4A0B008FE2AE /* Storyboards */,
				191939B0246F49DE008FE2AE /* Custom Extensions */,
				191939A8246F07D9008FE2AE /* 338F904C-67B0-4C56-B501-2929B97B2FA5.PNG */,
				191939A9246F07DA008FE2AE /* A5993A27-2482-42F9-B2D4-BB2812D6BF25.PNG */,
				190A42282464FCF5009A9C79 /* StatsViewController.swift */,
				190A42262464FBBD009A9C79 /* AwardsViewController.swift */,
				190A41EE245E1206009A9C79 /* AppDelegate.swift */,
				190A41F0245E1206009A9C79 /* SceneDelegate.swift */,
				190A41F2245E1206009A9C79 /* ViewController.swift */,
				191399DA246643FD0081F99F /* TabViewController.swift */,
				1908B8002480CA8500E37069 /* loading2.gif */,
				1908B8082480D4DA00E37069 /* spinner.gif */,
				1908B8022480CBE600E37069 /* loading.gif */,
				1908B8042480CEBD00E37069 /* loading.gif */,
				1908B8062480D42600E37069 /* loading.gif */,
				19167AB8247A23A7002F33EE /* 1024.png */,
				19D20C78246624D3004D9E92 /* LoginViewController.swift */,
				196C5BB9247DD8290031A182 /* swirl.gif */,
				196C5BB7247DD45F0031A182 /* pushupDemo.gif */,
				197043652478868500305AAE /* GoogleService-Info.plist */,
				190A41F7245E121B009A9C79 /* Assets.xcassets */,
				191939B7246F54D1008FE2AE /* magenta.gif */,
				191939A4246E1EE7008FE2AE /* 88-886971_clip-art-push-up-silhouette-black-women-working.png */,
				1919399F246CDAFE008FE2AE /* 149-1491934_fitness-test-women-working-out-black-and-white.png */,
				19193994246A3468008FE2AE /* confetti.png */,
				190A41FC245E121B009A9C79 /* Info.plist */,
			);
			path = pushupsquad1;
			sourceTree = "<group>";
		};
		191939B0246F49DE008FE2AE /* Custom Extensions */ = {
			isa = PBXGroup;
			children = (
				1908B7FD2480789F00E37069 /* KeychainItem.swift */,
				191939AC246F46A9008FE2AE /* UIImageExtension.swift */,
				19193996246B3FFE008FE2AE /* DateExtensions.swift */,
				1908B7F9247F329600E37069 /* TimeExtensions.swift */,
			);
			path = "Custom Extensions";
			sourceTree = "<group>";
		};
		191939B1246F4A0B008FE2AE /* Storyboards */ = {
			isa = PBXGroup;
			children = (
				190A41F4245E1206009A9C79 /* Main.storyboard */,
				191939A6246E21E8008FE2AE /* Stats.storyboard */,
				1908B7F7247F0C8E00E37069 /* StatsView.storyboard */,
				1919399B246C7991008FE2AE /* PushupCounter.storyboard */,
				190A41F9245E121B009A9C79 /* LaunchScreen.storyboard */,
				191939A1246E1B90008FE2AE /* Challenges.storyboard */,
			);
			path = Storyboards;
			sourceTree = "<group>";
		};
		196C5BAE247C3A180031A182 /* Custom Classes */ = {
			isa = PBXGroup;
			children = (
				196C5BB1247C5ADC0031A182 /* CustomUIButtom.swift */,
				196C5BB3247C6CBC0031A182 /* CustomProgessBar.swift */,
			);
			path = "Custom Classes";
			sourceTree = "<group>";
		};
		7B1C726A80CF0296BD9D36AA /* Frameworks */ = {
			isa = PBXGroup;
			children = (
				E19D585189376389ECAB6447 /* Pods_pushupsquad1.framework */,
			);
			name = Frameworks;
			sourceTree = "<group>";
		};
/* End PBXGroup section */

/* Begin PBXNativeTarget section */
		190A41EA245E1206009A9C79 /* pushupsquad1 */ = {
			isa = PBXNativeTarget;
			buildConfigurationList = 190A41FF245E121B009A9C79 /* Build configuration list for PBXNativeTarget "pushupsquad1" */;
			buildPhases = (
				8810CA810FFADE2303EF56B4 /* [CP] Check Pods Manifest.lock */,
				190A41E7245E1206009A9C79 /* Sources */,
				190A41E8245E1206009A9C79 /* Frameworks */,
				190A41E9245E1206009A9C79 /* Resources */,
				31C7A7B34CDA86E0428AE1AD /* [CP] Embed Pods Frameworks */,
				7FE51F3E0815E2A2CB2B41CF /* [CP] Copy Pods Resources */,
			);
			buildRules = (
			);
			dependencies = (
			);
			name = pushupsquad1;
			productName = pushupsquad1;
			productReference = 190A41EB245E1206009A9C79 /* Pushup Party.app */;
			productType = "com.apple.product-type.application";
		};
/* End PBXNativeTarget section */

/* Begin PBXProject section */
		190A41E3245E1205009A9C79 /* Project object */ = {
			isa = PBXProject;
			attributes = {
				LastSwiftUpdateCheck = 1140;
				LastUpgradeCheck = 1140;
				ORGANIZATIONNAME = "Matthew Manning";
				TargetAttributes = {
					190A41EA245E1206009A9C79 = {
						CreatedOnToolsVersion = 11.4.1;
					};
				};
			};
			buildConfigurationList = 190A41E6245E1205009A9C79 /* Build configuration list for PBXProject "pushupsquad1" */;
			compatibilityVersion = "Xcode 9.3";
			developmentRegion = en;
			hasScannedForEncodings = 0;
			knownRegions = (
				en,
				Base,
			);
			mainGroup = 190A41E2245E1205009A9C79;
			productRefGroup = 190A41EC245E1206009A9C79 /* Products */;
			projectDirPath = "";
			projectRoot = "";
			targets = (
				190A41EA245E1206009A9C79 /* pushupsquad1 */,
			);
		};
/* End PBXProject section */

/* Begin PBXResourcesBuildPhase section */
		190A41E9245E1206009A9C79 /* Resources */ = {
			isa = PBXResourcesBuildPhase;
			buildActionMask = 2147483647;
			files = (
				1908B8092480D4DA00E37069 /* spinner.gif in Resources */,
				191939AA246F07DB008FE2AE /* 338F904C-67B0-4C56-B501-2929B97B2FA5.PNG in Resources */,
				190A41FB245E121B009A9C79 /* LaunchScreen.storyboard in Resources */,
				191939A7246E21E9008FE2AE /* Stats.storyboard in Resources */,
				191939A3246E1B91008FE2AE /* Challenges.storyboard in Resources */,
				1919399C246C7992008FE2AE /* PushupCounter.storyboard in Resources */,
				190A41F8245E121B009A9C79 /* Assets.xcassets in Resources */,
				196C5BB8247DD4620031A182 /* pushupDemo.gif in Resources */,
				191939A0246CDAFF008FE2AE /* 149-1491934_fitness-test-women-working-out-black-and-white.png in Resources */,
				1908B7F8247F0C8E00E37069 /* StatsView.storyboard in Resources */,
				19193995246A3478008FE2AE /* confetti.png in Resources */,
				1908B8012480CA8600E37069 /* loading2.gif in Resources */,
				191939B8246F54D4008FE2AE /* magenta.gif in Resources */,
				191939A5246E1EE7008FE2AE /* 88-886971_clip-art-push-up-silhouette-black-women-working.png in Resources */,
				19167AB9247A23A7002F33EE /* 1024.png in Resources */,
				1908B8032480CBE700E37069 /* loading.gif in Resources */,
				190A41F6245E1206009A9C79 /* Main.storyboard in Resources */,
				191939AB246F07DB008FE2AE /* A5993A27-2482-42F9-B2D4-BB2812D6BF25.PNG in Resources */,
				1908B8052480CEBD00E37069 /* loading.gif in Resources */,
				1908B8072480D42600E37069 /* loading.gif in Resources */,
				196C5BBA247DD8290031A182 /* swirl.gif in Resources */,
				197043662478868500305AAE /* GoogleService-Info.plist in Resources */,
			);
			runOnlyForDeploymentPostprocessing = 0;
		};
/* End PBXResourcesBuildPhase section */

/* Begin PBXShellScriptBuildPhase section */
		31C7A7B34CDA86E0428AE1AD /* [CP] Embed Pods Frameworks */ = {
			isa = PBXShellScriptBuildPhase;
			buildActionMask = 2147483647;
			files = (
			);
			inputFileListPaths = (
				"${PODS_ROOT}/Target Support Files/Pods-pushupsquad1/Pods-pushupsquad1-frameworks-${CONFIGURATION}-input-files.xcfilelist",
			);
			name = "[CP] Embed Pods Frameworks";
			outputFileListPaths = (
				"${PODS_ROOT}/Target Support Files/Pods-pushupsquad1/Pods-pushupsquad1-frameworks-${CONFIGURATION}-output-files.xcfilelist",
			);
			runOnlyForDeploymentPostprocessing = 0;
			shellPath = /bin/sh;
			shellScript = "\"${PODS_ROOT}/Target Support Files/Pods-pushupsquad1/Pods-pushupsquad1-frameworks.sh\"\n";
			showEnvVarsInLog = 0;
		};
		7FE51F3E0815E2A2CB2B41CF /* [CP] Copy Pods Resources */ = {
			isa = PBXShellScriptBuildPhase;
			buildActionMask = 2147483647;
			files = (
			);
			inputFileListPaths = (
				"${PODS_ROOT}/Target Support Files/Pods-pushupsquad1/Pods-pushupsquad1-resources-${CONFIGURATION}-input-files.xcfilelist",
			);
			name = "[CP] Copy Pods Resources";
			outputFileListPaths = (
				"${PODS_ROOT}/Target Support Files/Pods-pushupsquad1/Pods-pushupsquad1-resources-${CONFIGURATION}-output-files.xcfilelist",
			);
			runOnlyForDeploymentPostprocessing = 0;
			shellPath = /bin/sh;
			shellScript = "\"${PODS_ROOT}/Target Support Files/Pods-pushupsquad1/Pods-pushupsquad1-resources.sh\"\n";
			showEnvVarsInLog = 0;
		};
		8810CA810FFADE2303EF56B4 /* [CP] Check Pods Manifest.lock */ = {
			isa = PBXShellScriptBuildPhase;
			buildActionMask = 2147483647;
			files = (
			);
			inputFileListPaths = (
			);
			inputPaths = (
				"${PODS_PODFILE_DIR_PATH}/Podfile.lock",
				"${PODS_ROOT}/Manifest.lock",
			);
			name = "[CP] Check Pods Manifest.lock";
			outputFileListPaths = (
			);
			outputPaths = (
				"$(DERIVED_FILE_DIR)/Pods-pushupsquad1-checkManifestLockResult.txt",
			);
			runOnlyForDeploymentPostprocessing = 0;
			shellPath = /bin/sh;
			shellScript = "diff \"${PODS_PODFILE_DIR_PATH}/Podfile.lock\" \"${PODS_ROOT}/Manifest.lock\" > /dev/null\nif [ $? != 0 ] ; then\n    # print error to STDERR\n    echo \"error: The sandbox is not in sync with the Podfile.lock. Run 'pod install' or update your CocoaPods installation.\" >&2\n    exit 1\nfi\n# This output is used by Xcode 'outputs' to avoid re-running this script phase.\necho \"SUCCESS\" > \"${SCRIPT_OUTPUT_FILE_0}\"\n";
			showEnvVarsInLog = 0;
		};
/* End PBXShellScriptBuildPhase section */

/* Begin PBXSourcesBuildPhase section */
		190A41E7245E1206009A9C79 /* Sources */ = {
			isa = PBXSourcesBuildPhase;
			buildActionMask = 2147483647;
			files = (
				1908B7FE248078A000E37069 /* KeychainItem.swift in Sources */,
				191399DB246643FD0081F99F /* TabViewController.swift in Sources */,
				19D20C79246624D4004D9E92 /* LoginViewController.swift in Sources */,
				190A41F3245E1206009A9C79 /* ViewController.swift in Sources */,
				191939AD246F46A9008FE2AE /* UIImageExtension.swift in Sources */,
				196C5BB4247C6CBC0031A182 /* CustomProgessBar.swift in Sources */,
				190A41EF245E1206009A9C79 /* AppDelegate.swift in Sources */,
				196C5BB2247C5ADC0031A182 /* CustomUIButtom.swift in Sources */,
				190A42252464F865009A9C79 /* ProfileViewController.swift in Sources */,
				19193997246B3FFE008FE2AE /* DateExtensions.swift in Sources */,
				190A41F1245E1206009A9C79 /* SceneDelegate.swift in Sources */,
				190A42292464FCF5009A9C79 /* StatsViewController.swift in Sources */,
				1908B7FA247F329600E37069 /* TimeExtensions.swift in Sources */,
				190A42272464FBBD009A9C79 /* AwardsViewController.swift in Sources */,
			);
			runOnlyForDeploymentPostprocessing = 0;
		};
/* End PBXSourcesBuildPhase section */

/* Begin PBXVariantGroup section */
		190A41F4245E1206009A9C79 /* Main.storyboard */ = {
			isa = PBXVariantGroup;
			children = (
				190A41F5245E1206009A9C79 /* Base */,
			);
			name = Main.storyboard;
			sourceTree = "<group>";
		};
		190A41F9245E121B009A9C79 /* LaunchScreen.storyboard */ = {
			isa = PBXVariantGroup;
			children = (
				190A41FA245E121B009A9C79 /* Base */,
			);
			name = LaunchScreen.storyboard;
			sourceTree = "<group>";
		};
		191939A1246E1B90008FE2AE /* Challenges.storyboard */ = {
			isa = PBXVariantGroup;
			children = (
				191939A2246E1B90008FE2AE /* Base */,
			);
			name = Challenges.storyboard;
			sourceTree = "<group>";
		};
/* End PBXVariantGroup section */

/* Begin XCBuildConfiguration section */
		190A41FD245E121B009A9C79 /* Debug */ = {
			isa = XCBuildConfiguration;
			buildSettings = {
				ALWAYS_SEARCH_USER_PATHS = NO;
				CLANG_ANALYZER_NONNULL = YES;
				CLANG_ANALYZER_NUMBER_OBJECT_CONVERSION = YES_AGGRESSIVE;
				CLANG_CXX_LANGUAGE_STANDARD = "gnu++14";
				CLANG_CXX_LIBRARY = "libc++";
				CLANG_ENABLE_MODULES = YES;
				CLANG_ENABLE_OBJC_ARC = YES;
				CLANG_ENABLE_OBJC_WEAK = YES;
				CLANG_WARN_BLOCK_CAPTURE_AUTORELEASING = YES;
				CLANG_WARN_BOOL_CONVERSION = YES;
				CLANG_WARN_COMMA = YES;
				CLANG_WARN_CONSTANT_CONVERSION = YES;
				CLANG_WARN_DEPRECATED_OBJC_IMPLEMENTATIONS = YES;
				CLANG_WARN_DIRECT_OBJC_ISA_USAGE = YES_ERROR;
				CLANG_WARN_DOCUMENTATION_COMMENTS = YES;
				CLANG_WARN_EMPTY_BODY = YES;
				CLANG_WARN_ENUM_CONVERSION = YES;
				CLANG_WARN_INFINITE_RECURSION = YES;
				CLANG_WARN_INT_CONVERSION = YES;
				CLANG_WARN_NON_LITERAL_NULL_CONVERSION = YES;
				CLANG_WARN_OBJC_IMPLICIT_RETAIN_SELF = YES;
				CLANG_WARN_OBJC_LITERAL_CONVERSION = YES;
				CLANG_WARN_OBJC_ROOT_CLASS = YES_ERROR;
				CLANG_WARN_RANGE_LOOP_ANALYSIS = YES;
				CLANG_WARN_STRICT_PROTOTYPES = YES;
				CLANG_WARN_SUSPICIOUS_MOVE = YES;
				CLANG_WARN_UNGUARDED_AVAILABILITY = YES_AGGRESSIVE;
				CLANG_WARN_UNREACHABLE_CODE = YES;
				CLANG_WARN__DUPLICATE_METHOD_MATCH = YES;
				COPY_PHASE_STRIP = NO;
				DEBUG_INFORMATION_FORMAT = dwarf;
				ENABLE_STRICT_OBJC_MSGSEND = YES;
				ENABLE_TESTABILITY = YES;
				GCC_C_LANGUAGE_STANDARD = gnu11;
				GCC_DYNAMIC_NO_PIC = NO;
				GCC_NO_COMMON_BLOCKS = YES;
				GCC_OPTIMIZATION_LEVEL = 0;
				GCC_PREPROCESSOR_DEFINITIONS = (
					"DEBUG=1",
					"$(inherited)",
				);
				GCC_WARN_64_TO_32_BIT_CONVERSION = YES;
				GCC_WARN_ABOUT_RETURN_TYPE = YES_ERROR;
				GCC_WARN_UNDECLARED_SELECTOR = YES;
				GCC_WARN_UNINITIALIZED_AUTOS = YES_AGGRESSIVE;
				GCC_WARN_UNUSED_FUNCTION = YES;
				GCC_WARN_UNUSED_VARIABLE = YES;
				IPHONEOS_DEPLOYMENT_TARGET = 13.3;
				MTL_ENABLE_DEBUG_INFO = INCLUDE_SOURCE;
				MTL_FAST_MATH = YES;
				ONLY_ACTIVE_ARCH = YES;
				SDKROOT = iphoneos;
				SWIFT_ACTIVE_COMPILATION_CONDITIONS = DEBUG;
				SWIFT_OPTIMIZATION_LEVEL = "-Onone";
			};
			name = Debug;
		};
		190A41FE245E121B009A9C79 /* Release */ = {
			isa = XCBuildConfiguration;
			buildSettings = {
				ALWAYS_SEARCH_USER_PATHS = NO;
				CLANG_ANALYZER_NONNULL = YES;
				CLANG_ANALYZER_NUMBER_OBJECT_CONVERSION = YES_AGGRESSIVE;
				CLANG_CXX_LANGUAGE_STANDARD = "gnu++14";
				CLANG_CXX_LIBRARY = "libc++";
				CLANG_ENABLE_MODULES = YES;
				CLANG_ENABLE_OBJC_ARC = YES;
				CLANG_ENABLE_OBJC_WEAK = YES;
				CLANG_WARN_BLOCK_CAPTURE_AUTORELEASING = YES;
				CLANG_WARN_BOOL_CONVERSION = YES;
				CLANG_WARN_COMMA = YES;
				CLANG_WARN_CONSTANT_CONVERSION = YES;
				CLANG_WARN_DEPRECATED_OBJC_IMPLEMENTATIONS = YES;
				CLANG_WARN_DIRECT_OBJC_ISA_USAGE = YES_ERROR;
				CLANG_WARN_DOCUMENTATION_COMMENTS = YES;
				CLANG_WARN_EMPTY_BODY = YES;
				CLANG_WARN_ENUM_CONVERSION = YES;
				CLANG_WARN_INFINITE_RECURSION = YES;
				CLANG_WARN_INT_CONVERSION = YES;
				CLANG_WARN_NON_LITERAL_NULL_CONVERSION = YES;
				CLANG_WARN_OBJC_IMPLICIT_RETAIN_SELF = YES;
				CLANG_WARN_OBJC_LITERAL_CONVERSION = YES;
				CLANG_WARN_OBJC_ROOT_CLASS = YES_ERROR;
				CLANG_WARN_RANGE_LOOP_ANALYSIS = YES;
				CLANG_WARN_STRICT_PROTOTYPES = YES;
				CLANG_WARN_SUSPICIOUS_MOVE = YES;
				CLANG_WARN_UNGUARDED_AVAILABILITY = YES_AGGRESSIVE;
				CLANG_WARN_UNREACHABLE_CODE = YES;
				CLANG_WARN__DUPLICATE_METHOD_MATCH = YES;
				COPY_PHASE_STRIP = NO;
				DEBUG_INFORMATION_FORMAT = "dwarf-with-dsym";
				ENABLE_NS_ASSERTIONS = NO;
				ENABLE_STRICT_OBJC_MSGSEND = YES;
				GCC_C_LANGUAGE_STANDARD = gnu11;
				GCC_NO_COMMON_BLOCKS = YES;
				GCC_WARN_64_TO_32_BIT_CONVERSION = YES;
				GCC_WARN_ABOUT_RETURN_TYPE = YES_ERROR;
				GCC_WARN_UNDECLARED_SELECTOR = YES;
				GCC_WARN_UNINITIALIZED_AUTOS = YES_AGGRESSIVE;
				GCC_WARN_UNUSED_FUNCTION = YES;
				GCC_WARN_UNUSED_VARIABLE = YES;
				IPHONEOS_DEPLOYMENT_TARGET = 13.3;
				MTL_ENABLE_DEBUG_INFO = NO;
				MTL_FAST_MATH = YES;
				SDKROOT = iphoneos;
				SWIFT_COMPILATION_MODE = wholemodule;
				SWIFT_OPTIMIZATION_LEVEL = "-O";
				VALIDATE_PRODUCT = YES;
			};
			name = Release;
		};
		190A4200245E121B009A9C79 /* Debug */ = {
			isa = XCBuildConfiguration;
			baseConfigurationReference = DA2F69B79F2003D5593E36A7 /* Pods-pushupsquad1.debug.xcconfig */;
			buildSettings = {
				ASSETCATALOG_COMPILER_APPICON_NAME = AppIcon;
				CODE_SIGN_ENTITLEMENTS = "pushupsquad1/Pushup Party.entitlements";
				CODE_SIGN_STYLE = Automatic;
				CURRENT_PROJECT_VERSION = 11;
				DEVELOPMENT_TEAM = EEBL6N8ZQD;
				INFOPLIST_FILE = pushupsquad1/Info.plist;
				IPHONEOS_DEPLOYMENT_TARGET = 13.2;
				LD_RUNPATH_SEARCH_PATHS = (
					"$(inherited)",
					"@executable_path/Frameworks",
				);
				MARKETING_VERSION = 1.12;
				PRODUCT_BUNDLE_IDENTIFIER = com.pushup.party;
				PRODUCT_NAME = "Pushup Party";
				SWIFT_VERSION = 5.0;
				TARGETED_DEVICE_FAMILY = "1,2";
			};
			name = Debug;
		};
		190A4201245E121B009A9C79 /* Release */ = {
			isa = XCBuildConfiguration;
			baseConfigurationReference = 84F202D01D8A4961C28A0F7D /* Pods-pushupsquad1.release.xcconfig */;
			buildSettings = {
				ASSETCATALOG_COMPILER_APPICON_NAME = AppIcon;
				CODE_SIGN_ENTITLEMENTS = "pushupsquad1/Pushup Party.entitlements";
				CODE_SIGN_STYLE = Automatic;
				CURRENT_PROJECT_VERSION = 11;
				DEVELOPMENT_TEAM = EEBL6N8ZQD;
				INFOPLIST_FILE = pushupsquad1/Info.plist;
				IPHONEOS_DEPLOYMENT_TARGET = 13.2;
				LD_RUNPATH_SEARCH_PATHS = (
					"$(inherited)",
					"@executable_path/Frameworks",
				);
				MARKETING_VERSION = 1.12;
				PRODUCT_BUNDLE_IDENTIFIER = com.pushup.party;
				PRODUCT_NAME = "Pushup Party";
				SWIFT_VERSION = 5.0;
				TARGETED_DEVICE_FAMILY = "1,2";
			};
			name = Release;
		};
/* End XCBuildConfiguration section */

/* Begin XCConfigurationList section */
		190A41E6245E1205009A9C79 /* Build configuration list for PBXProject "pushupsquad1" */ = {
			isa = XCConfigurationList;
			buildConfigurations = (
				190A41FD245E121B009A9C79 /* Debug */,
				190A41FE245E121B009A9C79 /* Release */,
			);
			defaultConfigurationIsVisible = 0;
			defaultConfigurationName = Release;
		};
		190A41FF245E121B009A9C79 /* Build configuration list for PBXNativeTarget "pushupsquad1" */ = {
			isa = XCConfigurationList;
			buildConfigurations = (
				190A4200245E121B009A9C79 /* Debug */,
				190A4201245E121B009A9C79 /* Release */,
			);
			defaultConfigurationIsVisible = 0;
			defaultConfigurationName = Release;
		};
/* End XCConfigurationList section */
	};
	rootObject = 190A41E3245E1205009A9C79 /* Project object */;
}
